// !$*UTF8*$!
{
	archiveVersion = 1;
	classes = {
	};
	objectVersion = 50;
	objects = {

/* Begin PBXBuildFile section */
		2AA5505425AF7E8C00B02DE0 /* RecentCardView.swift in Sources */ = {isa = PBXBuildFile; fileRef = 2AA5505325AF7E8C00B02DE0 /* RecentCardView.swift */; };
		2AA5505725AF92AD00B02DE0 /* DetailView.swift in Sources */ = {isa = PBXBuildFile; fileRef = 2AA5505625AF92AD00B02DE0 /* DetailView.swift */; };
		2ACC618425AE43280004FB6A /* TelegramMacAppApp.swift in Sources */ = {isa = PBXBuildFile; fileRef = 2ACC618325AE43280004FB6A /* TelegramMacAppApp.swift */; };
		2ACC618625AE43280004FB6A /* ContentView.swift in Sources */ = {isa = PBXBuildFile; fileRef = 2ACC618525AE43280004FB6A /* ContentView.swift */; };
		2ACC618825AE432D0004FB6A /* Assets.xcassets in Resources */ = {isa = PBXBuildFile; fileRef = 2ACC618725AE432D0004FB6A /* Assets.xcassets */; };
		2ACC618B25AE432D0004FB6A /* Preview Assets.xcassets in Resources */ = {isa = PBXBuildFile; fileRef = 2ACC618A25AE432D0004FB6A /* Preview Assets.xcassets */; };
		2ACC619825AE44190004FB6A /* Home.swift in Sources */ = {isa = PBXBuildFile; fileRef = 2ACC619725AE44190004FB6A /* Home.swift */; };
		2ACC619B25AE44710004FB6A /* TabButton.swift in Sources */ = {isa = PBXBuildFile; fileRef = 2ACC619A25AE44710004FB6A /* TabButton.swift */; };
		2ACC619E25AE47800004FB6A /* HomeViewModel.swift in Sources */ = {isa = PBXBuildFile; fileRef = 2ACC619D25AE47800004FB6A /* HomeViewModel.swift */; };
		2ACC61A125AEBBB80004FB6A /* BlurView.swift in Sources */ = {isa = PBXBuildFile; fileRef = 2ACC61A025AEBBB80004FB6A /* BlurView.swift */; };
		2AF2831125AEC070003A3502 /* AllChatsView.swift in Sources */ = {isa = PBXBuildFile; fileRef = 2AF2831025AEC070003A3502 /* AllChatsView.swift */; };
		2AF2831425AEC228003A3502 /* RecentMessage.swift in Sources */ = {isa = PBXBuildFile; fileRef = 2AF2831325AEC228003A3502 /* RecentMessage.swift */; };
		2AF2831725AEC34B003A3502 /* Message.swift in Sources */ = {isa = PBXBuildFile; fileRef = 2AF2831625AEC34B003A3502 /* Message.swift */; };
/* End PBXBuildFile section */

/* Begin PBXFileReference section */
		2AA5505325AF7E8C00B02DE0 /* RecentCardView.swift */ = {isa = PBXFileReference; lastKnownFileType = sourcecode.swift; path = RecentCardView.swift; sourceTree = "<group>"; };
		2AA5505625AF92AD00B02DE0 /* DetailView.swift */ = {isa = PBXFileReference; lastKnownFileType = sourcecode.swift; path = DetailView.swift; sourceTree = "<group>"; };
		2ACC618025AE43280004FB6A /* TelegramMacApp.app */ = {isa = PBXFileReference; explicitFileType = wrapper.application; includeInIndex = 0; path = TelegramMacApp.app; sourceTree = BUILT_PRODUCTS_DIR; };
		2ACC618325AE43280004FB6A /* TelegramMacAppApp.swift */ = {isa = PBXFileReference; lastKnownFileType = sourcecode.swift; path = TelegramMacAppApp.swift; sourceTree = "<group>"; };
		2ACC618525AE43280004FB6A /* ContentView.swift */ = {isa = PBXFileReference; lastKnownFileType = sourcecode.swift; path = ContentView.swift; sourceTree = "<group>"; };
		2ACC618725AE432D0004FB6A /* Assets.xcassets */ = {isa = PBXFileReference; lastKnownFileType = folder.assetcatalog; path = Assets.xcassets; sourceTree = "<group>"; };
		2ACC618A25AE432D0004FB6A /* Preview Assets.xcassets */ = {isa = PBXFileReference; lastKnownFileType = folder.assetcatalog; path = "Preview Assets.xcassets"; sourceTree = "<group>"; };
		2ACC618C25AE432D0004FB6A /* Info.plist */ = {isa = PBXFileReference; lastKnownFileType = text.plist.xml; path = Info.plist; sourceTree = "<group>"; };
		2ACC618D25AE432D0004FB6A /* TelegramMacApp.entitlements */ = {isa = PBXFileReference; lastKnownFileType = text.plist.entitlements; path = TelegramMacApp.entitlements; sourceTree = "<group>"; };
		2ACC619725AE44190004FB6A /* Home.swift */ = {isa = PBXFileReference; lastKnownFileType = sourcecode.swift; path = Home.swift; sourceTree = "<group>"; };
		2ACC619A25AE44710004FB6A /* TabButton.swift */ = {isa = PBXFileReference; lastKnownFileType = sourcecode.swift; path = TabButton.swift; sourceTree = "<group>"; };
		2ACC619D25AE47800004FB6A /* HomeViewModel.swift */ = {isa = PBXFileReference; lastKnownFileType = sourcecode.swift; path = HomeViewModel.swift; sourceTree = "<group>"; };
		2ACC61A025AEBBB80004FB6A /* BlurView.swift */ = {isa = PBXFileReference; lastKnownFileType = sourcecode.swift; path = BlurView.swift; sourceTree = "<group>"; };
		2AF2831025AEC070003A3502 /* AllChatsView.swift */ = {isa = PBXFileReference; lastKnownFileType = sourcecode.swift; path = AllChatsView.swift; sourceTree = "<group>"; };
		2AF2831325AEC228003A3502 /* RecentMessage.swift */ = {isa = PBXFileReference; lastKnownFileType = sourcecode.swift; path = RecentMessage.swift; sourceTree = "<group>"; };
		2AF2831625AEC34B003A3502 /* Message.swift */ = {isa = PBXFileReference; lastKnownFileType = sourcecode.swift; path = Message.swift; sourceTree = "<group>"; };
/* End PBXFileReference section */

/* Begin PBXFrameworksBuildPhase section */
		2ACC617D25AE43280004FB6A /* Frameworks */ = {
			isa = PBXFrameworksBuildPhase;
			buildActionMask = 2147483647;
			files = (
			);
			runOnlyForDeploymentPostprocessing = 0;
		};
/* End PBXFrameworksBuildPhase section */

/* Begin PBXGroup section */
		2ACC617725AE43280004FB6A = {
			isa = PBXGroup;
			children = (
				2ACC618225AE43280004FB6A /* TelegramMacApp */,
				2ACC618125AE43280004FB6A /* Products */,
			);
			sourceTree = "<group>";
		};
		2ACC618125AE43280004FB6A /* Products */ = {
			isa = PBXGroup;
			children = (
				2ACC618025AE43280004FB6A /* TelegramMacApp.app */,
			);
			name = Products;
			sourceTree = "<group>";
		};
		2ACC618225AE43280004FB6A /* TelegramMacApp */ = {
			isa = PBXGroup;
			children = (
				2ACC619625AE43F30004FB6A /* ViewModel */,
				2ACC619525AE43E60004FB6A /* Model */,
				2ACC619425AE43D00004FB6A /* View */,
				2ACC618325AE43280004FB6A /* TelegramMacAppApp.swift */,
				2ACC618525AE43280004FB6A /* ContentView.swift */,
				2ACC618725AE432D0004FB6A /* Assets.xcassets */,
				2ACC618C25AE432D0004FB6A /* Info.plist */,
				2ACC618D25AE432D0004FB6A /* TelegramMacApp.entitlements */,
				2ACC618925AE432D0004FB6A /* Preview Content */,
			);
			path = TelegramMacApp;
			sourceTree = "<group>";
		};
		2ACC618925AE432D0004FB6A /* Preview Content */ = {
			isa = PBXGroup;
			children = (
				2ACC618A25AE432D0004FB6A /* Preview Assets.xcassets */,
			);
			path = "Preview Content";
			sourceTree = "<group>";
		};
		2ACC619425AE43D00004FB6A /* View */ = {
			isa = PBXGroup;
			children = (
				2ACC619725AE44190004FB6A /* Home.swift */,
				2ACC619A25AE44710004FB6A /* TabButton.swift */,
				2ACC61A025AEBBB80004FB6A /* BlurView.swift */,
				2AF2831025AEC070003A3502 /* AllChatsView.swift */,
				2AA5505325AF7E8C00B02DE0 /* RecentCardView.swift */,
				2AA5505625AF92AD00B02DE0 /* DetailView.swift */,
			);
			path = View;
			sourceTree = "<group>";
		};
		2ACC619525AE43E60004FB6A /* Model */ = {
			isa = PBXGroup;
			children = (
				2AF2831325AEC228003A3502 /* RecentMessage.swift */,
				2AF2831625AEC34B003A3502 /* Message.swift */,
			);
			path = Model;
			sourceTree = "<group>";
		};
		2ACC619625AE43F30004FB6A /* ViewModel */ = {
			isa = PBXGroup;
			children = (
				2ACC619D25AE47800004FB6A /* HomeViewModel.swift */,
			);
			path = ViewModel;
			sourceTree = "<group>";
		};
/* End PBXGroup section */

/* Begin PBXNativeTarget section */
		2ACC617F25AE43280004FB6A /* TelegramMacApp */ = {
			isa = PBXNativeTarget;
			buildConfigurationList = 2ACC619025AE432D0004FB6A /* Build configuration list for PBXNativeTarget "TelegramMacApp" */;
			buildPhases = (
				2ACC617C25AE43280004FB6A /* Sources */,
				2ACC617D25AE43280004FB6A /* Frameworks */,
				2ACC617E25AE43280004FB6A /* Resources */,
			);
			buildRules = (
			);
			dependencies = (
			);
			name = TelegramMacApp;
			productName = TelegramMacApp;
			productReference = 2ACC618025AE43280004FB6A /* TelegramMacApp.app */;
			productType = "com.apple.product-type.application";
		};
/* End PBXNativeTarget section */

/* Begin PBXProject section */
		2ACC617825AE43280004FB6A /* Project object */ = {
			isa = PBXProject;
			attributes = {
				LastSwiftUpdateCheck = 1220;
				LastUpgradeCheck = 1220;
				TargetAttributes = {
					2ACC617F25AE43280004FB6A = {
						CreatedOnToolsVersion = 12.2;
					};
				};
			};
			buildConfigurationList = 2ACC617B25AE43280004FB6A /* Build configuration list for PBXProject "TelegramMacApp" */;
			compatibilityVersion = "Xcode 9.3";
			developmentRegion = en;
			hasScannedForEncodings = 0;
			knownRegions = (
				en,
				Base,
			);
			mainGroup = 2ACC617725AE43280004FB6A;
			productRefGroup = 2ACC618125AE43280004FB6A /* Products */;
			projectDirPath = "";
			projectRoot = "";
			targets = (
				2ACC617F25AE43280004FB6A /* TelegramMacApp */,
			);
		};
/* End PBXProject section */

/* Begin PBXResourcesBuildPhase section */
		2ACC617E25AE43280004FB6A /* Resources */ = {
			isa = PBXResourcesBuildPhase;
			buildActionMask = 2147483647;
			files = (
				2ACC618B25AE432D0004FB6A /* Preview Assets.xcassets in Resources */,
				2ACC618825AE432D0004FB6A /* Assets.xcassets in Resources */,
			);
			runOnlyForDeploymentPostprocessing = 0;
		};
/* End PBXResourcesBuildPhase section */

/* Begin PBXSourcesBuildPhase section */
		2ACC617C25AE43280004FB6A /* Sources */ = {
			isa = PBXSourcesBuildPhase;
			buildActionMask = 2147483647;
			files = (
				2AF2831125AEC070003A3502 /* AllChatsView.swift in Sources */,
				2ACC618625AE43280004FB6A /* ContentView.swift in Sources */,
				2ACC619B25AE44710004FB6A /* TabButton.swift in Sources */,
				2AF2831725AEC34B003A3502 /* Message.swift in Sources */,
				2ACC619825AE44190004FB6A /* Home.swift in Sources */,
				2AA5505725AF92AD00B02DE0 /* DetailView.swift in Sources */,
				2AF2831425AEC228003A3502 /* RecentMessage.swift in Sources */,
				2ACC619E25AE47800004FB6A /* HomeViewModel.swift in Sources */,
				2AA5505425AF7E8C00B02DE0 /* RecentCardView.swift in Sources */,
				2ACC618425AE43280004FB6A /* TelegramMacAppApp.swift in Sources */,
				2ACC61A125AEBBB80004FB6A /* BlurView.swift in Sources */,
			);
			runOnlyForDeploymentPostprocessing = 0;
		};
/* End PBXSourcesBuildPhase section */

/* Begin XCBuildConfiguration section */
		2ACC618E25AE432D0004FB6A /* Debug */ = {
			isa = XCBuildConfiguration;
			buildSettings = {
				ALWAYS_SEARCH_USER_PATHS = NO;
				CLANG_ANALYZER_NONNULL = YES;
				CLANG_ANALYZER_NUMBER_OBJECT_CONVERSION = YES_AGGRESSIVE;
				CLANG_CXX_LANGUAGE_STANDARD = "gnu++14";
				CLANG_CXX_LIBRARY = "libc++";
				CLANG_ENABLE_MODULES = YES;
				CLANG_ENABLE_OBJC_ARC = YES;
				CLANG_ENABLE_OBJC_WEAK = YES;
				CLANG_WARN_BLOCK_CAPTURE_AUTORELEASING = YES;
				CLANG_WARN_BOOL_CONVERSION = YES;
				CLANG_WARN_COMMA = YES;
				CLANG_WARN_CONSTANT_CONVERSION = YES;
				CLANG_WARN_DEPRECATED_OBJC_IMPLEMENTATIONS = YES;
				CLANG_WARN_DIRECT_OBJC_ISA_USAGE = YES_ERROR;
				CLANG_WARN_DOCUMENTATION_COMMENTS = YES;
				CLANG_WARN_EMPTY_BODY = YES;
				CLANG_WARN_ENUM_CONVERSION = YES;
				CLANG_WARN_INFINITE_RECURSION = YES;
				CLANG_WARN_INT_CONVERSION = YES;
				CLANG_WARN_NON_LITERAL_NULL_CONVERSION = YES;
				CLANG_WARN_OBJC_IMPLICIT_RETAIN_SELF = YES;
				CLANG_WARN_OBJC_LITERAL_CONVERSION = YES;
				CLANG_WARN_OBJC_ROOT_CLASS = YES_ERROR;
				CLANG_WARN_QUOTED_INCLUDE_IN_FRAMEWORK_HEADER = YES;
				CLANG_WARN_RANGE_LOOP_ANALYSIS = YES;
				CLANG_WARN_STRICT_PROTOTYPES = YES;
				CLANG_WARN_SUSPICIOUS_MOVE = YES;
				CLANG_WARN_UNGUARDED_AVAILABILITY = YES_AGGRESSIVE;
				CLANG_WARN_UNREACHABLE_CODE = YES;
				CLANG_WARN__DUPLICATE_METHOD_MATCH = YES;
				COPY_PHASE_STRIP = NO;
				DEBUG_INFORMATION_FORMAT = dwarf;
				ENABLE_STRICT_OBJC_MSGSEND = YES;
				ENABLE_TESTABILITY = YES;
				GCC_C_LANGUAGE_STANDARD = gnu11;
				GCC_DYNAMIC_NO_PIC = NO;
				GCC_NO_COMMON_BLOCKS = YES;
				GCC_OPTIMIZATION_LEVEL = 0;
				GCC_PREPROCESSOR_DEFINITIONS = (
					"DEBUG=1",
					"$(inherited)",
				);
				GCC_WARN_64_TO_32_BIT_CONVERSION = YES;
				GCC_WARN_ABOUT_RETURN_TYPE = YES_ERROR;
				GCC_WARN_UNDECLARED_SELECTOR = YES;
				GCC_WARN_UNINITIALIZED_AUTOS = YES_AGGRESSIVE;
				GCC_WARN_UNUSED_FUNCTION = YES;
				GCC_WARN_UNUSED_VARIABLE = YES;
				MACOSX_DEPLOYMENT_TARGET = 11.0;
				MTL_ENABLE_DEBUG_INFO = INCLUDE_SOURCE;
				MTL_FAST_MATH = YES;
				ONLY_ACTIVE_ARCH = YES;
				SDKROOT = macosx;
				SWIFT_ACTIVE_COMPILATION_CONDITIONS = DEBUG;
				SWIFT_OPTIMIZATION_LEVEL = "-Onone";
			};
			name = Debug;
		};
		2ACC618F25AE432D0004FB6A /* Release */ = {
			isa = XCBuildConfiguration;
			buildSettings = {
				ALWAYS_SEARCH_USER_PATHS = NO;
				CLANG_ANALYZER_NONNULL = YES;
				CLANG_ANALYZER_NUMBER_OBJECT_CONVERSION = YES_AGGRESSIVE;
				CLANG_CXX_LANGUAGE_STANDARD = "gnu++14";
				CLANG_CXX_LIBRARY = "libc++";
				CLANG_ENABLE_MODULES = YES;
				CLANG_ENABLE_OBJC_ARC = YES;
				CLANG_ENABLE_OBJC_WEAK = YES;
				CLANG_WARN_BLOCK_CAPTURE_AUTORELEASING = YES;
				CLANG_WARN_BOOL_CONVERSION = YES;
				CLANG_WARN_COMMA = YES;
				CLANG_WARN_CONSTANT_CONVERSION = YES;
				CLANG_WARN_DEPRECATED_OBJC_IMPLEMENTATIONS = YES;
				CLANG_WARN_DIRECT_OBJC_ISA_USAGE = YES_ERROR;
				CLANG_WARN_DOCUMENTATION_COMMENTS = YES;
				CLANG_WARN_EMPTY_BODY = YES;
				CLANG_WARN_ENUM_CONVERSION = YES;
				CLANG_WARN_INFINITE_RECURSION = YES;
				CLANG_WARN_INT_CONVERSION = YES;
				CLANG_WARN_NON_LITERAL_NULL_CONVERSION = YES;
				CLANG_WARN_OBJC_IMPLICIT_RETAIN_SELF = YES;
				CLANG_WARN_OBJC_LITERAL_CONVERSION = YES;
				CLANG_WARN_OBJC_ROOT_CLASS = YES_ERROR;
				CLANG_WARN_QUOTED_INCLUDE_IN_FRAMEWORK_HEADER = YES;
				CLANG_WARN_RANGE_LOOP_ANALYSIS = YES;
				CLANG_WARN_STRICT_PROTOTYPES = YES;
				CLANG_WARN_SUSPICIOUS_MOVE = YES;
				CLANG_WARN_UNGUARDED_AVAILABILITY = YES_AGGRESSIVE;
				CLANG_WARN_UNREACHABLE_CODE = YES;
				CLANG_WARN__DUPLICATE_METHOD_MATCH = YES;
				COPY_PHASE_STRIP = NO;
				DEBUG_INFORMATION_FORMAT = "dwarf-with-dsym";
				ENABLE_NS_ASSERTIONS = NO;
				ENABLE_STRICT_OBJC_MSGSEND = YES;
				GCC_C_LANGUAGE_STANDARD = gnu11;
				GCC_NO_COMMON_BLOCKS = YES;
				GCC_WARN_64_TO_32_BIT_CONVERSION = YES;
				GCC_WARN_ABOUT_RETURN_TYPE = YES_ERROR;
				GCC_WARN_UNDECLARED_SELECTOR = YES;
				GCC_WARN_UNINITIALIZED_AUTOS = YES_AGGRESSIVE;
				GCC_WARN_UNUSED_FUNCTION = YES;
				GCC_WARN_UNUSED_VARIABLE = YES;
				MACOSX_DEPLOYMENT_TARGET = 11.0;
				MTL_ENABLE_DEBUG_INFO = NO;
				MTL_FAST_MATH = YES;
				SDKROOT = macosx;
				SWIFT_COMPILATION_MODE = wholemodule;
				SWIFT_OPTIMIZATION_LEVEL = "-O";
			};
			name = Release;
		};
		2ACC619125AE432D0004FB6A /* Debug */ = {
			isa = XCBuildConfiguration;
			buildSettings = {
				ASSETCATALOG_COMPILER_APPICON_NAME = AppIcon;
				ASSETCATALOG_COMPILER_GLOBAL_ACCENT_COLOR_NAME = AccentColor;
				CODE_SIGN_ENTITLEMENTS = TelegramMacApp/TelegramMacApp.entitlements;
				CODE_SIGN_STYLE = Automatic;
				COMBINE_HIDPI_IMAGES = YES;
				DEVELOPMENT_ASSET_PATHS = "\"TelegramMacApp/Preview Content\"";
				DEVELOPMENT_TEAM = XZ3C3XS4G5;
				ENABLE_HARDENED_RUNTIME = YES;
				ENABLE_PREVIEWS = YES;
				INFOPLIST_FILE = TelegramMacApp/Info.plist;
				LD_RUNPATH_SEARCH_PATHS = (
					"$(inherited)",
					"@executable_path/../Frameworks",
				);
				MACOSX_DEPLOYMENT_TARGET = 11.0;
				PRODUCT_BUNDLE_IDENTIFIER = com.artDima.TelegramMacApp;
				PRODUCT_NAME = "$(TARGET_NAME)";
				SWIFT_VERSION = 5.0;
			};
			name = Debug;
		};
		2ACC619225AE432D0004FB6A /* Release */ = {
			isa = XCBuildConfiguration;
			buildSettings = {
				ASSETCATALOG_COMPILER_APPICON_NAME = AppIcon;
				ASSETCATALOG_COMPILER_GLOBAL_ACCENT_COLOR_NAME = AccentColor;
				CODE_SIGN_ENTITLEMENTS = TelegramMacApp/TelegramMacApp.entitlements;
				CODE_SIGN_STYLE = Automatic;
				COMBINE_HIDPI_IMAGES = YES;
				DEVELOPMENT_ASSET_PATHS = "\"TelegramMacApp/Preview Content\"";
				DEVELOPMENT_TEAM = XZ3C3XS4G5;
				ENABLE_HARDENED_RUNTIME = YES;
				ENABLE_PREVIEWS = YES;
				INFOPLIST_FILE = TelegramMacApp/Info.plist;
				LD_RUNPATH_SEARCH_PATHS = (
					"$(inherited)",
					"@executable_path/../Frameworks",
				);
				MACOSX_DEPLOYMENT_TARGET = 11.0;
				PRODUCT_BUNDLE_IDENTIFIER = com.artDima.TelegramMacApp;
				PRODUCT_NAME = "$(TARGET_NAME)";
				SWIFT_VERSION = 5.0;
			};
			name = Release;
		};
/* End XCBuildConfiguration section */

/* Begin XCConfigurationList section */
		2ACC617B25AE43280004FB6A /* Build configuration list for PBXProject "TelegramMacApp" */ = {
			isa = XCConfigurationList;
			buildConfigurations = (
				2ACC618E25AE432D0004FB6A /* Debug */,
				2ACC618F25AE432D0004FB6A /* Release */,
			);
			defaultConfigurationIsVisible = 0;
			defaultConfigurationName = Release;
		};
		2ACC619025AE432D0004FB6A /* Build configuration list for PBXNativeTarget "TelegramMacApp" */ = {
			isa = XCConfigurationList;
			buildConfigurations = (
				2ACC619125AE432D0004FB6A /* Debug */,
				2ACC619225AE432D0004FB6A /* Release */,
			);
			defaultConfigurationIsVisible = 0;
			defaultConfigurationName = Release;
		};
/* End XCConfigurationList section */
	};
	rootObject = 2ACC617825AE43280004FB6A /* Project object */;
}
